
Microsoft Visual Studio Solution File, Format Version 12.00
# Visual Studio Version 16
VisualStudioVersion = 16.0.33529.622
MinimumVisualStudioVersion = 10.0.40219.1
Project("{8BC9CEB8-8B4A-11D0-8D11-00A0C91BC942}") = "client", "client\client.vcxproj", "{96FDD097-9E9A-4D65-8B9A-B29638716E0B}"
EndProject
Global
	GlobalSection(SolutionConfigurationPlatforms) = preSolution
		Debug|x64 = Debug|x64
		Debug|x86 = Debug|x86
		Release|x64 = Release|x64
		Release|x86 = Release|x86
	EndGlobalSection
	GlobalSection(ProjectConfigurationPlatforms) = postSolution
		{96FDD097-9E9A-4D65-8B9A-B29638716E0B}.Debug|x64.ActiveCfg = Debug|x64
		{96FDD097-9E9A-4D65-8B9A-B29638716E0B}.Debug|x64.Build.0 = Debug|x64
		{96FDD097-9E9A-4D65-8B9A-B29638716E0B}.Debug|x86.ActiveCfg = Debug|Win32
		{96FDD097-9E9A-4D65-8B9A-B29638716E0B}.Debug|x86.Build.0 = Debug|Win32
		{96FDD097-9E9A-4D65-8B9A-B29638716E0B}.Release|x64.ActiveCfg = Release|x64
		{96FDD097-9E9A-4D65-8B9A-B29638716E0B}.Release|x64.Build.0 = Release|x64
		{96FDD097-9E9A-4D65-8B9A-B29638716E0B}.Release|x86.ActiveCfg = Release|Win32
		{96FDD097-9E9A-4D65-8B9A-B29638716E0B}.Release|x86.Build.0 = Release|Win32
	EndGlobalSection
	GlobalSection(SolutionProperties) = preSolution
		HideSolutionNode = FALSE
	EndGlobalSection
	GlobalSection(ExtensibilityGlobals) = postSolution
		SolutionGuid = {B3C62A13-5150-4F20-8027-4410E6DD9BE4}
	EndGlobalSection
EndGlobal
